<?xml version="1.0" encoding="utf-8"?>
<Project ToolsVersion="4.0" xmlns="http://schemas.microsoft.com/developer/msbuild/2003">
  <ItemGroup>
    <Filter Include="源文件">
      <UniqueIdentifier>{4FC737F1-C7A5-4376-A066-2A32D752A2FF}</UniqueIdentifier>
      <Extensions>cpp;c;cc;cxx;def;odl;idl;hpj;bat;asm;asmx</Extensions>
    </Filter>
    <Filter Include="头文件">
      <UniqueIdentifier>{93995380-89BD-4b04-88EB-625FBE52EBFB}</UniqueIdentifier>
      <Extensions>h;hh;hpp;hxx;hm;inl;inc;xsd</Extensions>
    </Filter>
    <Filter Include="资源文件">
      <UniqueIdentifier>{67DA6AB6-F800-4c08-8B7A-83BB121AAD01}</UniqueIdentifier>
      <Extensions>rc;ico;cur;bmp;dlg;rc2;rct;bin;rgs;gif;jpg;jpeg;jpe;resx;tiff;tif;png;wav;mfcribbon-ms</Extensions>
    </Filter>
    <Filter Include="源文件\cudnn">
      <UniqueIdentifier>{97c600b1-123c-49b1-be40-e07d17c4d993}</UniqueIdentifier>
    </Filter>
  </ItemGroup>
  <ItemGroup>
    <ClCompile Include="..\..\src\absval_layer.cpp">
      <Filter>源文件</Filter>
    </ClCompile>
    <ClCompile Include="..\..\src\accuracy_layer.cpp">
      <Filter>源文件</Filter>
    </ClCompile>
    <ClCompile Include="..\..\src\arccos_layer.cpp">
      <Filter>源文件</Filter>
    </ClCompile>
    <ClCompile Include="..\..\src\argmax_layer.cpp">
      <Filter>源文件</Filter>
    </ClCompile>
    <ClCompile Include="..\..\src\axpy_layer.cpp">
      <Filter>源文件</Filter>
    </ClCompile>
    <ClCompile Include="..\..\src\base_conv_layer.cpp">
      <Filter>源文件</Filter>
    </ClCompile>
    <ClCompile Include="..\..\src\base_data_layer.cpp">
      <Filter>源文件</Filter>
    </ClCompile>
    <ClCompile Include="..\..\src\batch_norm_layer.cpp">
      <Filter>源文件</Filter>
    </ClCompile>
    <ClCompile Include="..\..\src\batch_reindex_layer.cpp">
      <Filter>源文件</Filter>
    </ClCompile>
    <ClCompile Include="..\..\src\bias_layer.cpp">
      <Filter>源文件</Filter>
    </ClCompile>
    <ClCompile Include="..\..\src\blob.cpp">
      <Filter>源文件</Filter>
    </ClCompile>
    <ClCompile Include="..\..\src\bn_layer.cpp">
      <Filter>源文件</Filter>
    </ClCompile>
    <ClCompile Include="..\..\src\bnll_layer.cpp">
      <Filter>源文件</Filter>
    </ClCompile>
    <ClCompile Include="..\..\src\caffe.pb.cc">
      <Filter>源文件</Filter>
    </ClCompile>
    <ClCompile Include="..\..\src\channel_scale_layer.cpp">
      <Filter>源文件</Filter>
    </ClCompile>
    <ClCompile Include="..\..\src\common.cpp">
      <Filter>源文件</Filter>
    </ClCompile>
    <ClCompile Include="..\..\src\concat_layer.cpp">
      <Filter>源文件</Filter>
    </ClCompile>
    <ClCompile Include="..\..\src\conv_layer.cpp">
      <Filter>源文件</Filter>
    </ClCompile>
    <ClCompile Include="..\..\src\cosine_layer.cpp">
      <Filter>源文件</Filter>
    </ClCompile>
    <ClCompile Include="..\..\src\crop_layer.cpp">
      <Filter>源文件</Filter>
    </ClCompile>
    <ClCompile Include="..\..\src\data_transformer.cpp">
      <Filter>源文件</Filter>
    </ClCompile>
    <ClCompile Include="..\..\src\deconv_layer.cpp">
      <Filter>源文件</Filter>
    </ClCompile>
    <ClCompile Include="..\..\src\dropout_layer.cpp">
      <Filter>源文件</Filter>
    </ClCompile>
    <ClCompile Include="..\..\src\dummy_data_layer.cpp">
      <Filter>源文件</Filter>
    </ClCompile>
    <ClCompile Include="..\..\src\eltwise_layer.cpp">
      <Filter>源文件</Filter>
    </ClCompile>
    <ClCompile Include="..\..\src\elu_layer.cpp">
      <Filter>源文件</Filter>
    </ClCompile>
    <ClCompile Include="..\..\src\embed_layer.cpp">
      <Filter>源文件</Filter>
    </ClCompile>
    <ClCompile Include="..\..\src\exp_layer.cpp">
      <Filter>源文件</Filter>
    </ClCompile>
    <ClCompile Include="..\..\src\fcn_accuracy_layer.cpp">
      <Filter>源文件</Filter>
    </ClCompile>
    <ClCompile Include="..\..\src\filter_layer.cpp">
      <Filter>源文件</Filter>
    </ClCompile>
    <ClCompile Include="..\..\src\flatten_layer.cpp">
      <Filter>源文件</Filter>
    </ClCompile>
    <ClCompile Include="..\..\src\flip_layer.cpp">
      <Filter>源文件</Filter>
    </ClCompile>
    <ClCompile Include="..\..\src\global_lse_margin_layer.cpp">
      <Filter>源文件</Filter>
    </ClCompile>
    <ClCompile Include="..\..\src\gram_layer.cpp">
      <Filter>源文件</Filter>
    </ClCompile>
    <ClCompile Include="..\..\src\hotspot_layer.cpp">
      <Filter>源文件</Filter>
    </ClCompile>
    <ClCompile Include="..\..\src\im2col.cpp">
      <Filter>源文件</Filter>
    </ClCompile>
    <ClCompile Include="..\..\src\im2col_layer.cpp">
      <Filter>源文件</Filter>
    </ClCompile>
    <ClCompile Include="..\..\src\inner_distance_layer.cpp">
      <Filter>源文件</Filter>
    </ClCompile>
    <ClCompile Include="..\..\src\inner_product_layer.cpp">
      <Filter>源文件</Filter>
    </ClCompile>
    <ClCompile Include="..\..\src\input_layer.cpp">
      <Filter>源文件</Filter>
    </ClCompile>
    <ClCompile Include="..\..\src\insanity_layer.cpp">
      <Filter>源文件</Filter>
    </ClCompile>
    <ClCompile Include="..\..\src\insert_splits.cpp">
      <Filter>源文件</Filter>
    </ClCompile>
    <ClCompile Include="..\..\src\io.cpp">
      <Filter>源文件</Filter>
    </ClCompile>
    <ClCompile Include="..\..\src\label_specific_add.cpp">
      <Filter>源文件</Filter>
    </ClCompile>
    <ClCompile Include="..\..\src\largemargin_inner_product_layer.cpp">
      <Filter>源文件</Filter>
    </ClCompile>
    <ClCompile Include="..\..\src\layer.cpp">
      <Filter>源文件</Filter>
    </ClCompile>
    <ClCompile Include="..\..\src\layer_factory.cpp">
      <Filter>源文件</Filter>
    </ClCompile>
    <ClCompile Include="..\..\src\local_layer.cpp">
      <Filter>源文件</Filter>
    </ClCompile>
    <ClCompile Include="..\..\src\log_layer.cpp">
      <Filter>源文件</Filter>
    </ClCompile>
    <ClCompile Include="..\..\src\lrn_layer.cpp">
      <Filter>源文件</Filter>
    </ClCompile>
    <ClCompile Include="..\..\src\lstm_layer.cpp">
      <Filter>源文件</Filter>
    </ClCompile>
    <ClCompile Include="..\..\src\lstm_unit_layer.cpp">
      <Filter>源文件</Filter>
    </ClCompile>
    <ClCompile Include="..\..\src\margin_inner_product_layer.cpp">
      <Filter>源文件</Filter>
    </ClCompile>
    <ClCompile Include="..\..\src\math_functions.cpp">
      <Filter>源文件</Filter>
    </ClCompile>
    <ClCompile Include="..\..\src\memory_data_layer.cpp">
      <Filter>源文件</Filter>
    </ClCompile>
    <ClCompile Include="..\..\src\moving_normalize_layer.cpp">
      <Filter>源文件</Filter>
    </ClCompile>
    <ClCompile Include="..\..\src\mvn_layer.cpp">
      <Filter>源文件</Filter>
    </ClCompile>
    <ClCompile Include="..\..\src\net.cpp">
      <Filter>源文件</Filter>
    </ClCompile>
    <ClCompile Include="..\..\src\neuron_layer.cpp">
      <Filter>源文件</Filter>
    </ClCompile>
    <ClCompile Include="..\..\src\nms.cpp">
      <Filter>源文件</Filter>
    </ClCompile>
    <ClCompile Include="..\..\src\noise_layer.cpp">
      <Filter>源文件</Filter>
    </ClCompile>
    <ClCompile Include="..\..\src\normalize_layer.cpp">
      <Filter>源文件</Filter>
    </ClCompile>
    <ClCompile Include="..\..\src\pairwise_layer.cpp">
      <Filter>源文件</Filter>
    </ClCompile>
    <ClCompile Include="..\..\src\parameter_layer.cpp">
      <Filter>源文件</Filter>
    </ClCompile>
    <ClCompile Include="..\..\src\permute_layer.cpp">
      <Filter>源文件</Filter>
    </ClCompile>
    <ClCompile Include="..\..\src\pooling_layer.cpp">
      <Filter>源文件</Filter>
    </ClCompile>
    <ClCompile Include="..\..\src\power_layer.cpp">
      <Filter>源文件</Filter>
    </ClCompile>
    <ClCompile Include="..\..\src\predict_box_layer.cpp">
      <Filter>源文件</Filter>
    </ClCompile>
    <ClCompile Include="..\..\src\prelu_layer.cpp">
      <Filter>源文件</Filter>
    </ClCompile>
    <ClCompile Include="..\..\src\proposal_layer.cpp">
      <Filter>源文件</Filter>
    </ClCompile>
    <ClCompile Include="..\..\src\psroi_pooling_layer.cpp">
      <Filter>源文件</Filter>
    </ClCompile>
    <ClCompile Include="..\..\src\recurrent_layer.cpp">
      <Filter>源文件</Filter>
    </ClCompile>
    <ClCompile Include="..\..\src\reduction_layer.cpp">
      <Filter>源文件</Filter>
    </ClCompile>
    <ClCompile Include="..\..\src\relu_layer.cpp">
      <Filter>源文件</Filter>
    </ClCompile>
    <ClCompile Include="..\..\src\reshape_layer.cpp">
      <Filter>源文件</Filter>
    </ClCompile>
    <ClCompile Include="..\..\src\resize_layer.cpp">
      <Filter>源文件</Filter>
    </ClCompile>
    <ClCompile Include="..\..\src\rnn_layer.cpp">
      <Filter>源文件</Filter>
    </ClCompile>
    <ClCompile Include="..\..\src\roi_pooling_layer.cpp">
      <Filter>源文件</Filter>
    </ClCompile>
    <ClCompile Include="..\..\src\scale_layer.cpp">
      <Filter>源文件</Filter>
    </ClCompile>
    <ClCompile Include="..\..\src\sigmoid_layer.cpp">
      <Filter>源文件</Filter>
    </ClCompile>
    <ClCompile Include="..\..\src\silence_layer.cpp">
      <Filter>源文件</Filter>
    </ClCompile>
    <ClCompile Include="..\..\src\slice_layer.cpp">
      <Filter>源文件</Filter>
    </ClCompile>
    <ClCompile Include="..\..\src\slope_layer.cpp">
      <Filter>源文件</Filter>
    </ClCompile>
    <ClCompile Include="..\..\src\soft_truncation_layer.cpp">
      <Filter>源文件</Filter>
    </ClCompile>
    <ClCompile Include="..\..\src\softmax_layer.cpp">
      <Filter>源文件</Filter>
    </ClCompile>
    <ClCompile Include="..\..\src\split_layer.cpp">
      <Filter>源文件</Filter>
    </ClCompile>
    <ClCompile Include="..\..\src\spp_layer.cpp">
      <Filter>源文件</Filter>
    </ClCompile>
    <ClCompile Include="..\..\src\subregion_layer.cpp">
      <Filter>源文件</Filter>
    </ClCompile>
    <ClCompile Include="..\..\src\syncedmem.cpp">
      <Filter>源文件</Filter>
    </ClCompile>
    <ClCompile Include="..\..\src\tanh_layer.cpp">
      <Filter>源文件</Filter>
    </ClCompile>
    <ClCompile Include="..\..\src\threshold_layer.cpp">
      <Filter>源文件</Filter>
    </ClCompile>
    <ClCompile Include="..\..\src\tile_layer.cpp">
      <Filter>源文件</Filter>
    </ClCompile>
    <ClCompile Include="..\..\src\transformer_layer.cpp">
      <Filter>源文件</Filter>
    </ClCompile>
    <ClCompile Include="..\..\src\truncation_layer.cpp">
      <Filter>源文件</Filter>
    </ClCompile>
    <ClCompile Include="..\..\src\upgrade_proto.cpp">
      <Filter>源文件</Filter>
    </ClCompile>
    <ClCompile Include="..\..\src\util_img.cpp">
      <Filter>源文件</Filter>
    </ClCompile>
    <ClCompile Include="..\..\src\cudnn\cudnn.cpp">
      <Filter>源文件\cudnn</Filter>
    </ClCompile>
    <ClCompile Include="..\..\src\cudnn\cudnn_bn_layer.cpp">
      <Filter>源文件\cudnn</Filter>
    </ClCompile>
    <ClCompile Include="..\..\src\cudnn\cudnn_conv_layer.cpp">
      <Filter>源文件\cudnn</Filter>
    </ClCompile>
    <ClCompile Include="..\..\src\cudnn\cudnn_lcn_layer.cpp">
      <Filter>源文件\cudnn</Filter>
    </ClCompile>
    <ClCompile Include="..\..\src\cudnn\cudnn_lrn_layer.cpp">
      <Filter>源文件\cudnn</Filter>
    </ClCompile>
    <ClCompile Include="..\..\src\cudnn\cudnn_pooling_layer.cpp">
      <Filter>源文件\cudnn</Filter>
    </ClCompile>
    <ClCompile Include="..\..\src\cudnn\cudnn_relu_layer.cpp">
      <Filter>源文件\cudnn</Filter>
    </ClCompile>
    <ClCompile Include="..\..\src\cudnn\cudnn_sigmoid_layer.cpp">
      <Filter>源文件\cudnn</Filter>
    </ClCompile>
    <ClCompile Include="..\..\src\cudnn\cudnn_softmax_layer.cpp">
      <Filter>源文件\cudnn</Filter>
    </ClCompile>
    <ClCompile Include="..\..\src\cudnn\cudnn_tanh_layer.cpp">
      <Filter>源文件\cudnn</Filter>
    </ClCompile>
  </ItemGroup>
  <ItemGroup>
    <ClInclude Include="..\..\src\absval_layer.hpp">
      <Filter>源文件</Filter>
    </ClInclude>
    <ClInclude Include="..\..\src\accuracy_layer.hpp">
      <Filter>源文件</Filter>
    </ClInclude>
    <ClInclude Include="..\..\src\arccos_layer.hpp">
      <Filter>源文件</Filter>
    </ClInclude>
    <ClInclude Include="..\..\src\argmax_layer.hpp">
      <Filter>源文件</Filter>
    </ClInclude>
    <ClInclude Include="..\..\src\axpy_layer.hpp">
      <Filter>源文件</Filter>
    </ClInclude>
    <ClInclude Include="..\..\src\base_conv_layer.hpp">
      <Filter>源文件</Filter>
    </ClInclude>
    <ClInclude Include="..\..\src\base_data_layer.hpp">
      <Filter>源文件</Filter>
    </ClInclude>
    <ClInclude Include="..\..\src\batch_norm_layer.hpp">
      <Filter>源文件</Filter>
    </ClInclude>
    <ClInclude Include="..\..\src\batch_reindex_layer.hpp">
      <Filter>源文件</Filter>
    </ClInclude>
    <ClInclude Include="..\..\src\bias_layer.hpp">
      <Filter>源文件</Filter>
    </ClInclude>
    <ClInclude Include="..\..\src\blob.hpp">
      <Filter>源文件</Filter>
    </ClInclude>
    <ClInclude Include="..\..\src\bn_layer.hpp">
      <Filter>源文件</Filter>
    </ClInclude>
    <ClInclude Include="..\..\src\bnll_layer.hpp">
      <Filter>源文件</Filter>
    </ClInclude>
    <ClInclude Include="..\..\src\caffe.hpp">
      <Filter>源文件</Filter>
    </ClInclude>
    <ClInclude Include="..\..\src\caffe.pb.h">
      <Filter>源文件</Filter>
    </ClInclude>
    <ClInclude Include="..\..\src\channel_scale_layer.hpp">
      <Filter>源文件</Filter>
    </ClInclude>
    <ClInclude Include="..\..\src\common.hpp">
      <Filter>源文件</Filter>
    </ClInclude>
    <ClInclude Include="..\..\src\concat_layer.hpp">
      <Filter>源文件</Filter>
    </ClInclude>
    <ClInclude Include="..\..\src\conv_layer.hpp">
      <Filter>源文件</Filter>
    </ClInclude>
    <ClInclude Include="..\..\src\cosine_layer.hpp">
      <Filter>源文件</Filter>
    </ClInclude>
    <ClInclude Include="..\..\src\crop_layer.hpp">
      <Filter>源文件</Filter>
    </ClInclude>
    <ClInclude Include="..\..\src\custom_layers.hpp">
      <Filter>源文件</Filter>
    </ClInclude>
    <ClInclude Include="..\..\src\data_transformer.hpp">
      <Filter>源文件</Filter>
    </ClInclude>
    <ClInclude Include="..\..\src\deconv_layer.hpp">
      <Filter>源文件</Filter>
    </ClInclude>
    <ClInclude Include="..\..\src\device_alternate.hpp">
      <Filter>源文件</Filter>
    </ClInclude>
    <ClInclude Include="..\..\src\dropout_layer.hpp">
      <Filter>源文件</Filter>
    </ClInclude>
    <ClInclude Include="..\..\src\dummy_data_layer.hpp">
      <Filter>源文件</Filter>
    </ClInclude>
    <ClInclude Include="..\..\src\eltwise_layer.hpp">
      <Filter>源文件</Filter>
    </ClInclude>
    <ClInclude Include="..\..\src\elu_layer.hpp">
      <Filter>源文件</Filter>
    </ClInclude>
    <ClInclude Include="..\..\src\embed_layer.hpp">
      <Filter>源文件</Filter>
    </ClInclude>
    <ClInclude Include="..\..\src\exp_layer.hpp">
      <Filter>源文件</Filter>
    </ClInclude>
    <ClInclude Include="..\..\src\fcn_accuracy_layer.hpp">
      <Filter>源文件</Filter>
    </ClInclude>
    <ClInclude Include="..\..\src\filler.hpp">
      <Filter>源文件</Filter>
    </ClInclude>
    <ClInclude Include="..\..\src\filter_layer.hpp">
      <Filter>源文件</Filter>
    </ClInclude>
    <ClInclude Include="..\..\src\flatten_layer.hpp">
      <Filter>源文件</Filter>
    </ClInclude>
    <ClInclude Include="..\..\src\flip_layer.hpp">
      <Filter>源文件</Filter>
    </ClInclude>
    <ClInclude Include="..\..\src\format.hpp">
      <Filter>源文件</Filter>
    </ClInclude>
    <ClInclude Include="..\..\src\global_lse_margin_layer.hpp">
      <Filter>源文件</Filter>
    </ClInclude>
    <ClInclude Include="..\..\src\gpu_memory.hpp">
      <Filter>源文件</Filter>
    </ClInclude>
    <ClInclude Include="..\..\src\hotspot_layer.hpp">
      <Filter>源文件</Filter>
    </ClInclude>
    <ClInclude Include="..\..\src\im2col.hpp">
      <Filter>源文件</Filter>
    </ClInclude>
    <ClInclude Include="..\..\src\im2col_layer.hpp">
      <Filter>源文件</Filter>
    </ClInclude>
    <ClInclude Include="..\..\src\inner_distance_layer.hpp">
      <Filter>源文件</Filter>
    </ClInclude>
    <ClInclude Include="..\..\src\inner_product_layer.hpp">
      <Filter>源文件</Filter>
    </ClInclude>
    <ClInclude Include="..\..\src\input_layer.hpp">
      <Filter>源文件</Filter>
    </ClInclude>
    <ClInclude Include="..\..\src\insert_splits.hpp">
      <Filter>源文件</Filter>
    </ClInclude>
    <ClInclude Include="..\..\src\io.hpp">
      <Filter>源文件</Filter>
    </ClInclude>
    <ClInclude Include="..\..\src\label_specific_add_layer.hpp">
      <Filter>源文件</Filter>
    </ClInclude>
    <ClInclude Include="..\..\src\largemargin_inner_product_layer.hpp">
      <Filter>源文件</Filter>
    </ClInclude>
    <ClInclude Include="..\..\src\layer.hpp">
      <Filter>源文件</Filter>
    </ClInclude>
    <ClInclude Include="..\..\src\layer_factory.hpp">
      <Filter>源文件</Filter>
    </ClInclude>
    <ClInclude Include="..\..\src\log_layer.hpp">
      <Filter>源文件</Filter>
    </ClInclude>
    <ClInclude Include="..\..\src\loss_layer.hpp">
      <Filter>源文件</Filter>
    </ClInclude>
    <ClInclude Include="..\..\src\lrn_layer.hpp">
      <Filter>源文件</Filter>
    </ClInclude>
    <ClInclude Include="..\..\src\lstm_layer.hpp">
      <Filter>源文件</Filter>
    </ClInclude>
    <ClInclude Include="..\..\src\margin_inner_product_layer.hpp">
      <Filter>源文件</Filter>
    </ClInclude>
    <ClInclude Include="..\..\src\math_functions.hpp">
      <Filter>源文件</Filter>
    </ClInclude>
    <ClInclude Include="..\..\src\memory_data_layer.hpp">
      <Filter>源文件</Filter>
    </ClInclude>
    <ClInclude Include="..\..\src\mkl_alternate.hpp">
      <Filter>源文件</Filter>
    </ClInclude>
    <ClInclude Include="..\..\src\moving_normalize_layer.hpp">
      <Filter>源文件</Filter>
    </ClInclude>
    <ClInclude Include="..\..\src\mvn_layer.hpp">
      <Filter>源文件</Filter>
    </ClInclude>
    <ClInclude Include="..\..\src\nccl.hpp">
      <Filter>源文件</Filter>
    </ClInclude>
    <ClInclude Include="..\..\src\net.hpp">
      <Filter>源文件</Filter>
    </ClInclude>
    <ClInclude Include="..\..\src\neuron_layer.hpp">
      <Filter>源文件</Filter>
    </ClInclude>
    <ClInclude Include="..\..\src\nms.hpp">
      <Filter>源文件</Filter>
    </ClInclude>
    <ClInclude Include="..\..\src\noise_layer.hpp">
      <Filter>源文件</Filter>
    </ClInclude>
    <ClInclude Include="..\..\src\normalize_layer.hpp">
      <Filter>源文件</Filter>
    </ClInclude>
    <ClInclude Include="..\..\src\pairwise_layer.hpp">
      <Filter>源文件</Filter>
    </ClInclude>
    <ClInclude Include="..\..\src\parameter_layer.hpp">
      <Filter>源文件</Filter>
    </ClInclude>
    <ClInclude Include="..\..\src\permute_layer.hpp">
      <Filter>源文件</Filter>
    </ClInclude>
    <ClInclude Include="..\..\src\pooling_layer.hpp">
      <Filter>源文件</Filter>
    </ClInclude>
    <ClInclude Include="..\..\src\power_layer.hpp">
      <Filter>源文件</Filter>
    </ClInclude>
    <ClInclude Include="..\..\src\predict_box_layer.hpp">
      <Filter>源文件</Filter>
    </ClInclude>
    <ClInclude Include="..\..\src\prelu_layer.hpp">
      <Filter>源文件</Filter>
    </ClInclude>
    <ClInclude Include="..\..\src\proposal_layer.hpp">
      <Filter>源文件</Filter>
    </ClInclude>
    <ClInclude Include="..\..\src\psroi_pooling_layer.hpp">
      <Filter>源文件</Filter>
    </ClInclude>
    <ClInclude Include="..\..\src\recurrent_layer.hpp">
      <Filter>源文件</Filter>
    </ClInclude>
    <ClInclude Include="..\..\src\reduction_layer.hpp">
      <Filter>源文件</Filter>
    </ClInclude>
    <ClInclude Include="..\..\src\relu_layer.hpp">
      <Filter>源文件</Filter>
    </ClInclude>
    <ClInclude Include="..\..\src\reshape_layer.hpp">
      <Filter>源文件</Filter>
    </ClInclude>
    <ClInclude Include="..\..\src\resize_layer.hpp">
      <Filter>源文件</Filter>
    </ClInclude>
    <ClInclude Include="..\..\src\rnn_layer.hpp">
      <Filter>源文件</Filter>
    </ClInclude>
    <ClInclude Include="..\..\src\scale_layer.hpp">
      <Filter>源文件</Filter>
    </ClInclude>
    <ClInclude Include="..\..\src\sigmoid_layer.hpp">
      <Filter>源文件</Filter>
    </ClInclude>
    <ClInclude Include="..\..\src\silence_layer.hpp">
      <Filter>源文件</Filter>
    </ClInclude>
    <ClInclude Include="..\..\src\slice_layer.hpp">
      <Filter>源文件</Filter>
    </ClInclude>
    <ClInclude Include="..\..\src\slope_layer.hpp">
      <Filter>源文件</Filter>
    </ClInclude>
    <ClInclude Include="..\..\src\soft_truncation_layer.hpp">
      <Filter>源文件</Filter>
    </ClInclude>
    <ClInclude Include="..\..\src\softmax_layer.hpp">
      <Filter>源文件</Filter>
    </ClInclude>
    <ClInclude Include="..\..\src\split_layer.hpp">
      <Filter>源文件</Filter>
    </ClInclude>
    <ClInclude Include="..\..\src\spp_layer.hpp">
      <Filter>源文件</Filter>
    </ClInclude>
    <ClInclude Include="..\..\src\syncedmem.hpp">
      <Filter>源文件</Filter>
    </ClInclude>
    <ClInclude Include="..\..\src\tanh_layer.hpp">
      <Filter>源文件</Filter>
    </ClInclude>
    <ClInclude Include="..\..\src\thread_local.hpp">
      <Filter>源文件</Filter>
    </ClInclude>
    <ClInclude Include="..\..\src\threshold_layer.hpp">
      <Filter>源文件</Filter>
    </ClInclude>
    <ClInclude Include="..\..\src\tile_layer.hpp">
      <Filter>源文件</Filter>
    </ClInclude>
    <ClInclude Include="..\..\src\truncation_layer.hpp">
      <Filter>源文件</Filter>
    </ClInclude>
    <ClInclude Include="..\..\src\upgrade_proto.hpp">
      <Filter>源文件</Filter>
    </ClInclude>
    <ClInclude Include="..\..\src\util_img.hpp">
      <Filter>源文件</Filter>
    </ClInclude>
    <ClInclude Include="..\..\src\cudnn\cudnn.hpp">
      <Filter>源文件\cudnn</Filter>
    </ClInclude>
    <ClInclude Include="..\..\src\cudnn\cudnn_batch_norm_layer.hpp">
      <Filter>源文件\cudnn</Filter>
    </ClInclude>
    <ClInclude Include="..\..\src\cudnn\cudnn_bn_layer.hpp">
      <Filter>源文件\cudnn</Filter>
    </ClInclude>
    <ClInclude Include="..\..\src\cudnn\cudnn_conv_layer.hpp">
      <Filter>源文件\cudnn</Filter>
    </ClInclude>
    <ClInclude Include="..\..\src\cudnn\cudnn_lcn_layer.hpp">
      <Filter>源文件\cudnn</Filter>
    </ClInclude>
    <ClInclude Include="..\..\src\cudnn\cudnn_lrn_layer.hpp">
      <Filter>源文件\cudnn</Filter>
    </ClInclude>
    <ClInclude Include="..\..\src\cudnn\cudnn_pooling_layer.hpp">
      <Filter>源文件\cudnn</Filter>
    </ClInclude>
    <ClInclude Include="..\..\src\cudnn\cudnn_relu_layer.hpp">
      <Filter>源文件\cudnn</Filter>
    </ClInclude>
    <ClInclude Include="..\..\src\cudnn\cudnn_sigmoid_layer.hpp">
      <Filter>源文件\cudnn</Filter>
    </ClInclude>
    <ClInclude Include="..\..\src\cudnn\cudnn_softmax_layer.hpp">
      <Filter>源文件\cudnn</Filter>
    </ClInclude>
    <ClInclude Include="..\..\src\cudnn\cudnn_tanh_layer.hpp">
      <Filter>源文件\cudnn</Filter>
    </ClInclude>
  </ItemGroup>
  <ItemGroup>
    <CudaCompile Include="..\..\src\cudnn\cudnn_bn_layer.cu">
      <Filter>源文件\cudnn</Filter>
    </CudaCompile>
    <CudaCompile Include="..\..\src\cudnn\cudnn_conv_layer.cu">
      <Filter>源文件\cudnn</Filter>
    </CudaCompile>
    <CudaCompile Include="..\..\src\cudnn\cudnn_lcn_layer.cu">
      <Filter>源文件\cudnn</Filter>
    </CudaCompile>
    <CudaCompile Include="..\..\src\util_img.cu">
      <Filter>源文件</Filter>
    </CudaCompile>
    <CudaCompile Include="..\..\src\truncation_layer.cu">
      <Filter>源文件</Filter>
    </CudaCompile>
    <CudaCompile Include="..\..\src\transformer_layer.cu">
      <Filter>源文件</Filter>
    </CudaCompile>
    <CudaCompile Include="..\..\src\tile_layer.cu">
      <Filter>源文件</Filter>
    </CudaCompile>
    <CudaCompile Include="..\..\src\threshold_layer.cu">
      <Filter>源文件</Filter>
    </CudaCompile>
    <CudaCompile Include="..\..\src\tanh_layer.cu">
      <Filter>源文件</Filter>
    </CudaCompile>
    <CudaCompile Include="..\..\src\subregion_layer.cu">
      <Filter>源文件</Filter>
    </CudaCompile>
    <CudaCompile Include="..\..\src\split_layer.cu">
      <Filter>源文件</Filter>
    </CudaCompile>
    <CudaCompile Include="..\..\src\softmax_layer.cu">
      <Filter>源文件</Filter>
    </CudaCompile>
    <CudaCompile Include="..\..\src\soft_truncation_layer.cu">
      <Filter>源文件</Filter>
    </CudaCompile>
    <CudaCompile Include="..\..\src\slope_layer.cu">
      <Filter>源文件</Filter>
    </CudaCompile>
    <CudaCompile Include="..\..\src\slice_layer.cu">
      <Filter>源文件</Filter>
    </CudaCompile>
    <CudaCompile Include="..\..\src\silence_layer.cu">
      <Filter>源文件</Filter>
    </CudaCompile>
    <CudaCompile Include="..\..\src\sigmoid_layer.cu">
      <Filter>源文件</Filter>
    </CudaCompile>
    <CudaCompile Include="..\..\src\scale_layer.cu">
      <Filter>源文件</Filter>
    </CudaCompile>
    <CudaCompile Include="..\..\src\roi_pooling_layer.cu">
      <Filter>源文件</Filter>
    </CudaCompile>
    <CudaCompile Include="..\..\src\resize_layer.cu">
      <Filter>源文件</Filter>
    </CudaCompile>
    <CudaCompile Include="..\..\src\relu_layer.cu">
      <Filter>源文件</Filter>
    </CudaCompile>
    <CudaCompile Include="..\..\src\reduction_layer.cu">
      <Filter>源文件</Filter>
    </CudaCompile>
    <CudaCompile Include="..\..\src\recurrent_layer.cu">
      <Filter>源文件</Filter>
    </CudaCompile>
    <CudaCompile Include="..\..\src\psroi_pooling_layer.cu">
      <Filter>源文件</Filter>
    </CudaCompile>
    <CudaCompile Include="..\..\src\proposal_layer.cu">
      <Filter>源文件</Filter>
    </CudaCompile>
    <CudaCompile Include="..\..\src\prelu_layer.cu">
      <Filter>源文件</Filter>
    </CudaCompile>
    <CudaCompile Include="..\..\src\predict_box_layer.cu">
      <Filter>源文件</Filter>
    </CudaCompile>
    <CudaCompile Include="..\..\src\power_layer.cu">
      <Filter>源文件</Filter>
    </CudaCompile>
    <CudaCompile Include="..\..\src\pooling_layer.cu">
      <Filter>源文件</Filter>
    </CudaCompile>
    <CudaCompile Include="..\..\src\permute_layer.cu">
      <Filter>源文件</Filter>
    </CudaCompile>
    <CudaCompile Include="..\..\src\parameter_layer.cu">
      <Filter>源文件</Filter>
    </CudaCompile>
    <CudaCompile Include="..\..\src\pairwise_layer.cu">
      <Filter>源文件</Filter>
    </CudaCompile>
    <CudaCompile Include="..\..\src\normalize_layer.cu">
      <Filter>源文件</Filter>
    </CudaCompile>
    <CudaCompile Include="..\..\src\noise_layer.cu">
      <Filter>源文件</Filter>
    </CudaCompile>
    <CudaCompile Include="..\..\src\nms.cu">
      <Filter>源文件</Filter>
    </CudaCompile>
    <CudaCompile Include="..\..\src\mvn_layer.cu">
      <Filter>源文件</Filter>
    </CudaCompile>
    <CudaCompile Include="..\..\src\moving_normalize_layer.cu">
      <Filter>源文件</Filter>
    </CudaCompile>
    <CudaCompile Include="..\..\src\math_functions.cu">
      <Filter>源文件</Filter>
    </CudaCompile>
    <CudaCompile Include="..\..\src\margin_inner_product_layer.cu">
      <Filter>源文件</Filter>
    </CudaCompile>
    <CudaCompile Include="..\..\src\lstm_unit_layer.cu">
      <Filter>源文件</Filter>
    </CudaCompile>
    <CudaCompile Include="..\..\src\lrn_layer.cu">
      <Filter>源文件</Filter>
    </CudaCompile>
    <CudaCompile Include="..\..\src\log_layer.cu">
      <Filter>源文件</Filter>
    </CudaCompile>
    <CudaCompile Include="..\..\src\local_layer.cu">
      <Filter>源文件</Filter>
    </CudaCompile>
    <CudaCompile Include="..\..\src\largemargin_inner_product_layer.cu">
      <Filter>源文件</Filter>
    </CudaCompile>
    <CudaCompile Include="..\..\src\label_specific_add.cu">
      <Filter>源文件</Filter>
    </CudaCompile>
    <CudaCompile Include="..\..\src\insanity_layer.cu">
      <Filter>源文件</Filter>
    </CudaCompile>
    <CudaCompile Include="..\..\src\inner_product_layer.cu">
      <Filter>源文件</Filter>
    </CudaCompile>
    <CudaCompile Include="..\..\src\inner_distance_layer.cu">
      <Filter>源文件</Filter>
    </CudaCompile>
    <CudaCompile Include="..\..\src\im2col_layer.cu">
      <Filter>源文件</Filter>
    </CudaCompile>
    <CudaCompile Include="..\..\src\cudnn\cudnn_lrn_layer.cu">
      <Filter>源文件\cudnn</Filter>
    </CudaCompile>
    <CudaCompile Include="..\..\src\cudnn\cudnn_pooling_layer.cu">
      <Filter>源文件\cudnn</Filter>
    </CudaCompile>
    <CudaCompile Include="..\..\src\cudnn\cudnn_relu_layer.cu">
      <Filter>源文件\cudnn</Filter>
    </CudaCompile>
    <CudaCompile Include="..\..\src\cudnn\cudnn_sigmoid_layer.cu">
      <Filter>源文件\cudnn</Filter>
    </CudaCompile>
    <CudaCompile Include="..\..\src\cudnn\cudnn_softmax_layer.cu">
      <Filter>源文件\cudnn</Filter>
    </CudaCompile>
    <CudaCompile Include="..\..\src\cudnn\cudnn_tanh_layer.cu">
      <Filter>源文件\cudnn</Filter>
    </CudaCompile>
    <CudaCompile Include="..\..\src\absval_layer.cu">
      <Filter>源文件</Filter>
    </CudaCompile>
    <CudaCompile Include="..\..\src\arccos_layer.cu">
      <Filter>源文件</Filter>
    </CudaCompile>
    <CudaCompile Include="..\..\src\axpy_layer.cu">
      <Filter>源文件</Filter>
    </CudaCompile>
    <CudaCompile Include="..\..\src\batch_norm_layer.cu">
      <Filter>源文件</Filter>
    </CudaCompile>
    <CudaCompile Include="..\..\src\batch_reindex_layer.cu">
      <Filter>源文件</Filter>
    </CudaCompile>
    <CudaCompile Include="..\..\src\bias_layer.cu">
      <Filter>源文件</Filter>
    </CudaCompile>
    <CudaCompile Include="..\..\src\bn_layer.cu">
      <Filter>源文件</Filter>
    </CudaCompile>
    <CudaCompile Include="..\..\src\bnll_layer.cu">
      <Filter>源文件</Filter>
    </CudaCompile>
    <CudaCompile Include="..\..\src\channel_scale_layer.cu">
      <Filter>源文件</Filter>
    </CudaCompile>
    <CudaCompile Include="..\..\src\concat_layer.cu">
      <Filter>源文件</Filter>
    </CudaCompile>
    <CudaCompile Include="..\..\src\conv_layer.cu">
      <Filter>源文件</Filter>
    </CudaCompile>
    <CudaCompile Include="..\..\src\cosine_layer.cu">
      <Filter>源文件</Filter>
    </CudaCompile>
    <CudaCompile Include="..\..\src\crop_layer.cu">
      <Filter>源文件</Filter>
    </CudaCompile>
    <CudaCompile Include="..\..\src\deconv_layer.cu">
      <Filter>源文件</Filter>
    </CudaCompile>
    <CudaCompile Include="..\..\src\dropout_layer.cu">
      <Filter>源文件</Filter>
    </CudaCompile>
    <CudaCompile Include="..\..\src\eltwise_layer.cu">
      <Filter>源文件</Filter>
    </CudaCompile>
    <CudaCompile Include="..\..\src\elu_layer.cu">
      <Filter>源文件</Filter>
    </CudaCompile>
    <CudaCompile Include="..\..\src\embed_layer.cu">
      <Filter>源文件</Filter>
    </CudaCompile>
    <CudaCompile Include="..\..\src\exp_layer.cu">
      <Filter>源文件</Filter>
    </CudaCompile>
    <CudaCompile Include="..\..\src\filter_layer.cu">
      <Filter>源文件</Filter>
    </CudaCompile>
    <CudaCompile Include="..\..\src\flip_layer.cu">
      <Filter>源文件</Filter>
    </CudaCompile>
    <CudaCompile Include="..\..\src\global_lse_margin_layer.cu">
      <Filter>源文件</Filter>
    </CudaCompile>
    <CudaCompile Include="..\..\src\gpu_util.cuh">
      <Filter>源文件</Filter>
    </CudaCompile>
    <CudaCompile Include="..\..\src\gram_layer.cu">
      <Filter>源文件</Filter>
    </CudaCompile>
    <CudaCompile Include="..\..\src\hotspot_layer.cu">
      <Filter>源文件</Filter>
    </CudaCompile>
    <CudaCompile Include="..\..\src\im2col.cu">
      <Filter>源文件</Filter>
    </CudaCompile>
  </ItemGroup>
</Project>